PODS:
  - Alamofire (4.9.1)
  - RxCocoa (5.1.0):
    - RxRelay (~> 5)
    - RxSwift (~> 5)
  - RxRelay (5.1.0):
    - RxSwift (~> 5)
  - RxSwift (5.1.0)
  - TLCustomMask (2.0.0)

DEPENDENCIES:
  - Alamofire (~> 4.9.1)
  - RxCocoa
  - RxSwift
  - TLCustomMask

SPEC REPOS:
  trunk:
    - Alamofire
    - RxCocoa
    - RxRelay
    - RxSwift
    - TLCustomMask

SPEC CHECKSUMS:
  Alamofire: 85e8a02c69d6020a0d734f6054870d7ecb75cf18
  RxCocoa: 13d2a4d7546a34b8ececae8c281e4ea1dbb94f2b
  RxRelay: a168bd6caf712d00c676ac344e9295afc93b418e
  RxSwift: ad5874f24bb0dbffd1e9bb8443604e3578796c7a
  TLCustomMask: 32bcd873851167c2d2a3726b048766b737873710

PODFILE CHECKSUM: 212a0c9b6f116674d7e867b0d3bbf4b7255ffa07

COCOAPODS: 1.9.1
